
Microsoft Visual Studio Solution File, Format Version 12.00
# Visual Studio Version 17
VisualStudioVersion = 17.5.33516.290
MinimumVisualStudioVersion = 10.0.40219.1
Project("{2150E333-8FDC-42A3-9474-1A3956D46DE8}") = "src", "src", "{2442623A-11DD-4D27-9ACD-144A9871443F}"
	ProjectSection(SolutionItems) = preProject
		.gitignore = .gitignore
	EndProjectSection
EndProject
Project("{2150E333-8FDC-42A3-9474-1A3956D46DE8}") = "test", "test", "{8BC3576F-8438-4CC6-82FE-12ADB4563720}"
EndProject
Project("{9A19103F-16F7-4668-BE54-9A1E7A4F7556}") = "API", "API\API.csproj", "{78224CDF-78ED-4CED-BA08-D25F878472A5}"
EndProject
Project("{9A19103F-16F7-4668-BE54-9A1E7A4F7556}") = "Database", "Database\Database.csproj", "{8F417CD4-9F87-4A80-A53A-42DCCA28B2DD}"
EndProject
Project("{9A19103F-16F7-4668-BE54-9A1E7A4F7556}") = "Bussiness", "Bussiness\Bussiness.csproj", "{379EE637-134D-4903-8B5D-C0F36494B6D8}"
EndProject
Project("{9A19103F-16F7-4668-BE54-9A1E7A4F7556}") = "Entities", "Entities\Entities.csproj", "{D7B3166A-CAE9-41B3-A016-94C34B2A1D4B}"
EndProject
Global
	GlobalSection(SolutionConfigurationPlatforms) = preSolution
		Debug|Any CPU = Debug|Any CPU
		Release|Any CPU = Release|Any CPU
	EndGlobalSection
	GlobalSection(ProjectConfigurationPlatforms) = postSolution
		{78224CDF-78ED-4CED-BA08-D25F878472A5}.Debug|Any CPU.ActiveCfg = Debug|Any CPU
		{78224CDF-78ED-4CED-BA08-D25F878472A5}.Debug|Any CPU.Build.0 = Debug|Any CPU
		{78224CDF-78ED-4CED-BA08-D25F878472A5}.Release|Any CPU.ActiveCfg = Release|Any CPU
		{78224CDF-78ED-4CED-BA08-D25F878472A5}.Release|Any CPU.Build.0 = Release|Any CPU
		{8F417CD4-9F87-4A80-A53A-42DCCA28B2DD}.Debug|Any CPU.ActiveCfg = Debug|Any CPU
		{8F417CD4-9F87-4A80-A53A-42DCCA28B2DD}.Debug|Any CPU.Build.0 = Debug|Any CPU
		{8F417CD4-9F87-4A80-A53A-42DCCA28B2DD}.Release|Any CPU.ActiveCfg = Release|Any CPU
		{8F417CD4-9F87-4A80-A53A-42DCCA28B2DD}.Release|Any CPU.Build.0 = Release|Any CPU
		{379EE637-134D-4903-8B5D-C0F36494B6D8}.Debug|Any CPU.ActiveCfg = Debug|Any CPU
		{379EE637-134D-4903-8B5D-C0F36494B6D8}.Debug|Any CPU.Build.0 = Debug|Any CPU
		{379EE637-134D-4903-8B5D-C0F36494B6D8}.Release|Any CPU.ActiveCfg = Release|Any CPU
		{379EE637-134D-4903-8B5D-C0F36494B6D8}.Release|Any CPU.Build.0 = Release|Any CPU
		{D7B3166A-CAE9-41B3-A016-94C34B2A1D4B}.Debug|Any CPU.ActiveCfg = Debug|Any CPU
		{D7B3166A-CAE9-41B3-A016-94C34B2A1D4B}.Debug|Any CPU.Build.0 = Debug|Any CPU
		{D7B3166A-CAE9-41B3-A016-94C34B2A1D4B}.Release|Any CPU.ActiveCfg = Release|Any CPU
		{D7B3166A-CAE9-41B3-A016-94C34B2A1D4B}.Release|Any CPU.Build.0 = Release|Any CPU
	EndGlobalSection
	GlobalSection(SolutionProperties) = preSolution
		HideSolutionNode = FALSE
	EndGlobalSection
	GlobalSection(NestedProjects) = preSolution
		{78224CDF-78ED-4CED-BA08-D25F878472A5} = {2442623A-11DD-4D27-9ACD-144A9871443F}
		{8F417CD4-9F87-4A80-A53A-42DCCA28B2DD} = {2442623A-11DD-4D27-9ACD-144A9871443F}
		{379EE637-134D-4903-8B5D-C0F36494B6D8} = {2442623A-11DD-4D27-9ACD-144A9871443F}
		{D7B3166A-CAE9-41B3-A016-94C34B2A1D4B} = {2442623A-11DD-4D27-9ACD-144A9871443F}
	EndGlobalSection
	GlobalSection(ExtensibilityGlobals) = postSolution
		SolutionGuid = {2C9452DA-8E5F-431D-94C8-0699D57E60BA}
	EndGlobalSection
EndGlobal
