
Microsoft Visual Studio Solution File, Format Version 12.00
# Visual Studio Version 17
VisualStudioVersion = 17.5.33414.496
MinimumVisualStudioVersion = 10.0.40219.1
Project("{FAE04EC0-301F-11D3-BF4B-00C04F79EFBC}") = "API", "API.csproj", "{8F512BEB-F49E-476F-AC9E-279182D52EEC}"
EndProject
Global
	GlobalSection(SolutionConfigurationPlatforms) = preSolution
		Debug|Any CPU = Debug|Any CPU
		Release|Any CPU = Release|Any CPU
	EndGlobalSection
	GlobalSection(ProjectConfigurationPlatforms) = postSolution
		{8F512BEB-F49E-476F-AC9E-279182D52EEC}.Debug|Any CPU.ActiveCfg = Debug|Any CPU
		{8F512BEB-F49E-476F-AC9E-279182D52EEC}.Debug|Any CPU.Build.0 = Debug|Any CPU
		{8F512BEB-F49E-476F-AC9E-279182D52EEC}.Release|Any CPU.ActiveCfg = Release|Any CPU
		{8F512BEB-F49E-476F-AC9E-279182D52EEC}.Release|Any CPU.Build.0 = Release|Any CPU
	EndGlobalSection
	GlobalSection(SolutionProperties) = preSolution
		HideSolutionNode = FALSE
	EndGlobalSection
	GlobalSection(ExtensibilityGlobals) = postSolution
		SolutionGuid = {E8A9F386-DF5F-4C35-8AD5-656FADB20A45}
	EndGlobalSection
EndGlobal
